// !$*UTF8*$!
{
	archiveVersion = 1;
	classes = {
	};
	objectVersion = 50;
	objects = {

/* Begin PBXBuildFile section */
		63C87241266003C600B7347D /* ExploringWIdgetKitApp.swift in Sources */ = {isa = PBXBuildFile; fileRef = 63C87240266003C600B7347D /* ExploringWIdgetKitApp.swift */; };
		63C87243266003C600B7347D /* ContentView.swift in Sources */ = {isa = PBXBuildFile; fileRef = 63C87242266003C600B7347D /* ContentView.swift */; };
		63C87245266003C700B7347D /* Assets.xcassets in Resources */ = {isa = PBXBuildFile; fileRef = 63C87244266003C700B7347D /* Assets.xcassets */; };
		63C87248266003C700B7347D /* Preview Assets.xcassets in Resources */ = {isa = PBXBuildFile; fileRef = 63C87247266003C700B7347D /* Preview Assets.xcassets */; };
		63C872572660049C00B7347D /* WidgetKit.framework in Frameworks */ = {isa = PBXBuildFile; fileRef = 63C872562660049C00B7347D /* WidgetKit.framework */; };
		63C872592660049C00B7347D /* SwiftUI.framework in Frameworks */ = {isa = PBXBuildFile; fileRef = 63C872582660049C00B7347D /* SwiftUI.framework */; };
		63C8725C2660049C00B7347D /* SimpleWidget.swift in Sources */ = {isa = PBXBuildFile; fileRef = 63C8725B2660049C00B7347D /* SimpleWidget.swift */; };
		63C8725E2660049C00B7347D /* Assets.xcassets in Resources */ = {isa = PBXBuildFile; fileRef = 63C8725D2660049C00B7347D /* Assets.xcassets */; };
		63C872622660049C00B7347D /* SimpleWidgetExtension.appex in Embed App Extensions */ = {isa = PBXBuildFile; fileRef = 63C872542660049C00B7347D /* SimpleWidgetExtension.appex */; settings = {ATTRIBUTES = (RemoveHeadersOnCopy, ); }; };
/* End PBXBuildFile section */

/* Begin PBXContainerItemProxy section */
		63C872602660049C00B7347D /* PBXContainerItemProxy */ = {
			isa = PBXContainerItemProxy;
			containerPortal = 63C87235266003C600B7347D /* Project object */;
			proxyType = 1;
			remoteGlobalIDString = 63C872532660049C00B7347D;
			remoteInfo = SimpleWidgetExtension;
		};
/* End PBXContainerItemProxy section */

/* Begin PBXCopyFilesBuildPhase section */
		63C872662660049C00B7347D /* Embed App Extensions */ = {
			isa = PBXCopyFilesBuildPhase;
			buildActionMask = 2147483647;
			dstPath = "";
			dstSubfolderSpec = 13;
			files = (
				63C872622660049C00B7347D /* SimpleWidgetExtension.appex in Embed App Extensions */,
			);
			name = "Embed App Extensions";
			runOnlyForDeploymentPostprocessing = 0;
		};
/* End PBXCopyFilesBuildPhase section */

/* Begin PBXFileReference section */
		63C8723D266003C600B7347D /* ExploringWIdgetKit.app */ = {isa = PBXFileReference; explicitFileType = wrapper.application; includeInIndex = 0; path = ExploringWIdgetKit.app; sourceTree = BUILT_PRODUCTS_DIR; };
		63C87240266003C600B7347D /* ExploringWIdgetKitApp.swift */ = {isa = PBXFileReference; lastKnownFileType = sourcecode.swift; path = ExploringWIdgetKitApp.swift; sourceTree = "<group>"; };
		63C87242266003C600B7347D /* ContentView.swift */ = {isa = PBXFileReference; lastKnownFileType = sourcecode.swift; path = ContentView.swift; sourceTree = "<group>"; };
		63C87244266003C700B7347D /* Assets.xcassets */ = {isa = PBXFileReference; lastKnownFileType = folder.assetcatalog; path = Assets.xcassets; sourceTree = "<group>"; };
		63C87247266003C700B7347D /* Preview Assets.xcassets */ = {isa = PBXFileReference; lastKnownFileType = folder.assetcatalog; path = "Preview Assets.xcassets"; sourceTree = "<group>"; };
		63C87249266003C700B7347D /* Info.plist */ = {isa = PBXFileReference; lastKnownFileType = text.plist.xml; path = Info.plist; sourceTree = "<group>"; };
		63C872542660049C00B7347D /* SimpleWidgetExtension.appex */ = {isa = PBXFileReference; explicitFileType = "wrapper.app-extension"; includeInIndex = 0; path = SimpleWidgetExtension.appex; sourceTree = BUILT_PRODUCTS_DIR; };
		63C872562660049C00B7347D /* WidgetKit.framework */ = {isa = PBXFileReference; lastKnownFileType = wrapper.framework; name = WidgetKit.framework; path = System/Library/Frameworks/WidgetKit.framework; sourceTree = SDKROOT; };
		63C872582660049C00B7347D /* SwiftUI.framework */ = {isa = PBXFileReference; lastKnownFileType = wrapper.framework; name = SwiftUI.framework; path = System/Library/Frameworks/SwiftUI.framework; sourceTree = SDKROOT; };
		63C8725B2660049C00B7347D /* SimpleWidget.swift */ = {isa = PBXFileReference; lastKnownFileType = sourcecode.swift; path = SimpleWidget.swift; sourceTree = "<group>"; };
		63C8725D2660049C00B7347D /* Assets.xcassets */ = {isa = PBXFileReference; lastKnownFileType = folder.assetcatalog; path = Assets.xcassets; sourceTree = "<group>"; };
		63C8725F2660049C00B7347D /* Info.plist */ = {isa = PBXFileReference; lastKnownFileType = text.plist.xml; path = Info.plist; sourceTree = "<group>"; };
/* End PBXFileReference section */

/* Begin PBXFrameworksBuildPhase section */
		63C8723A266003C600B7347D /* Frameworks */ = {
			isa = PBXFrameworksBuildPhase;
			buildActionMask = 2147483647;
			files = (
			);
			runOnlyForDeploymentPostprocessing = 0;
		};
		63C872512660049C00B7347D /* Frameworks */ = {
			isa = PBXFrameworksBuildPhase;
			buildActionMask = 2147483647;
			files = (
				63C872592660049C00B7347D /* SwiftUI.framework in Frameworks */,
				63C872572660049C00B7347D /* WidgetKit.framework in Frameworks */,
			);
			runOnlyForDeploymentPostprocessing = 0;
		};
/* End PBXFrameworksBuildPhase section */

/* Begin PBXGroup section */
		63C87234266003C600B7347D = {
			isa = PBXGroup;
			children = (
				63C8723F266003C600B7347D /* ExploringWIdgetKit */,
				63C8725A2660049C00B7347D /* SimpleWidget */,
				63C872552660049C00B7347D /* Frameworks */,
				63C8723E266003C600B7347D /* Products */,
			);
			sourceTree = "<group>";
		};
		63C8723E266003C600B7347D /* Products */ = {
			isa = PBXGroup;
			children = (
				63C8723D266003C600B7347D /* ExploringWIdgetKit.app */,
				63C872542660049C00B7347D /* SimpleWidgetExtension.appex */,
			);
			name = Products;
			sourceTree = "<group>";
		};
		63C8723F266003C600B7347D /* ExploringWIdgetKit */ = {
			isa = PBXGroup;
			children = (
				63C87240266003C600B7347D /* ExploringWIdgetKitApp.swift */,
				63C87242266003C600B7347D /* ContentView.swift */,
				63C87244266003C700B7347D /* Assets.xcassets */,
				63C87249266003C700B7347D /* Info.plist */,
				63C87246266003C700B7347D /* Preview Content */,
			);
			path = ExploringWIdgetKit;
			sourceTree = "<group>";
		};
		63C87246266003C700B7347D /* Preview Content */ = {
			isa = PBXGroup;
			children = (
				63C87247266003C700B7347D /* Preview Assets.xcassets */,
			);
			path = "Preview Content";
			sourceTree = "<group>";
		};
		63C872552660049C00B7347D /* Frameworks */ = {
			isa = PBXGroup;
			children = (
				63C872562660049C00B7347D /* WidgetKit.framework */,
				63C872582660049C00B7347D /* SwiftUI.framework */,
			);
			name = Frameworks;
			sourceTree = "<group>";
		};
		63C8725A2660049C00B7347D /* SimpleWidget */ = {
			isa = PBXGroup;
			children = (
				63C8725B2660049C00B7347D /* SimpleWidget.swift */,
				63C8725D2660049C00B7347D /* Assets.xcassets */,
				63C8725F2660049C00B7347D /* Info.plist */,
			);
			path = SimpleWidget;
			sourceTree = "<group>";
		};
/* End PBXGroup section */

/* Begin PBXNativeTarget section */
		63C8723C266003C600B7347D /* ExploringWIdgetKit */ = {
			isa = PBXNativeTarget;
			buildConfigurationList = 63C8724C266003C700B7347D /* Build configuration list for PBXNativeTarget "ExploringWIdgetKit" */;
			buildPhases = (
				63C87239266003C600B7347D /* Sources */,
				63C8723A266003C600B7347D /* Frameworks */,
				63C8723B266003C600B7347D /* Resources */,
				63C872662660049C00B7347D /* Embed App Extensions */,
			);
			buildRules = (
			);
			dependencies = (
				63C872612660049C00B7347D /* PBXTargetDependency */,
			);
			name = ExploringWIdgetKit;
			productName = ExploringWIdgetKit;
			productReference = 63C8723D266003C600B7347D /* ExploringWIdgetKit.app */;
			productType = "com.apple.product-type.application";
		};
		63C872532660049C00B7347D /* SimpleWidgetExtension */ = {
			isa = PBXNativeTarget;
			buildConfigurationList = 63C872632660049C00B7347D /* Build configuration list for PBXNativeTarget "SimpleWidgetExtension" */;
			buildPhases = (
				63C872502660049C00B7347D /* Sources */,
				63C872512660049C00B7347D /* Frameworks */,
				63C872522660049C00B7347D /* Resources */,
			);
			buildRules = (
			);
			dependencies = (
			);
			name = SimpleWidgetExtension;
			productName = SimpleWidgetExtension;
			productReference = 63C872542660049C00B7347D /* SimpleWidgetExtension.appex */;
			productType = "com.apple.product-type.app-extension";
		};
/* End PBXNativeTarget section */

/* Begin PBXProject section */
		63C87235266003C600B7347D /* Project object */ = {
			isa = PBXProject;
			attributes = {
				LastSwiftUpdateCheck = 1240;
				LastUpgradeCheck = 1240;
				TargetAttributes = {
					63C8723C266003C600B7347D = {
						CreatedOnToolsVersion = 12.4;
					};
					63C872532660049C00B7347D = {
						CreatedOnToolsVersion = 12.4;
					};
				};
			};
			buildConfigurationList = 63C87238266003C600B7347D /* Build configuration list for PBXProject "ExploringWIdgetKit" */;
			compatibilityVersion = "Xcode 9.3";
			developmentRegion = en;
			hasScannedForEncodings = 0;
			knownRegions = (
				en,
				Base,
			);
			mainGroup = 63C87234266003C600B7347D;
			productRefGroup = 63C8723E266003C600B7347D /* Products */;
			projectDirPath = "";
			projectRoot = "";
			targets = (
				63C8723C266003C600B7347D /* ExploringWIdgetKit */,
				63C872532660049C00B7347D /* SimpleWidgetExtension */,
			);
		};
/* End PBXProject section */

/* Begin PBXResourcesBuildPhase section */
		63C8723B266003C600B7347D /* Resources */ = {
			isa = PBXResourcesBuildPhase;
			buildActionMask = 2147483647;
			files = (
				63C87248266003C700B7347D /* Preview Assets.xcassets in Resources */,
				63C87245266003C700B7347D /* Assets.xcassets in Resources */,
			);
			runOnlyForDeploymentPostprocessing = 0;
		};
		63C872522660049C00B7347D /* Resources */ = {
			isa = PBXResourcesBuildPhase;
			buildActionMask = 2147483647;
			files = (
				63C8725E2660049C00B7347D /* Assets.xcassets in Resources */,
			);
			runOnlyForDeploymentPostprocessing = 0;
		};
/* End PBXResourcesBuildPhase section */

/* Begin PBXSourcesBuildPhase section */
		63C87239266003C600B7347D /* Sources */ = {
			isa = PBXSourcesBuildPhase;
			buildActionMask = 2147483647;
			files = (
				63C87243266003C600B7347D /* ContentView.swift in Sources */,
				63C87241266003C600B7347D /* ExploringWIdgetKitApp.swift in Sources */,
			);
			runOnlyForDeploymentPostprocessing = 0;
		};
		63C872502660049C00B7347D /* Sources */ = {
			isa = PBXSourcesBuildPhase;
			buildActionMask = 2147483647;
			files = (
				63C8725C2660049C00B7347D /* SimpleWidget.swift in Sources */,
			);
			runOnlyForDeploymentPostprocessing = 0;
		};
/* End PBXSourcesBuildPhase section */

/* Begin PBXTargetDependency section */
		63C872612660049C00B7347D /* PBXTargetDependency */ = {
			isa = PBXTargetDependency;
			target = 63C872532660049C00B7347D /* SimpleWidgetExtension */;
			targetProxy = 63C872602660049C00B7347D /* PBXContainerItemProxy */;
		};
/* End PBXTargetDependency section */

/* Begin XCBuildConfiguration section */
		63C8724A266003C700B7347D /* Debug */ = {
			isa = XCBuildConfiguration;
			buildSettings = {
				ALWAYS_SEARCH_USER_PATHS = NO;
				CLANG_ANALYZER_NONNULL = YES;
				CLANG_ANALYZER_NUMBER_OBJECT_CONVERSION = YES_AGGRESSIVE;
				CLANG_CXX_LANGUAGE_STANDARD = "gnu++14";
				CLANG_CXX_LIBRARY = "libc++";
				CLANG_ENABLE_MODULES = YES;
				CLANG_ENABLE_OBJC_ARC = YES;
				CLANG_ENABLE_OBJC_WEAK = YES;
				CLANG_WARN_BLOCK_CAPTURE_AUTORELEASING = YES;
				CLANG_WARN_BOOL_CONVERSION = YES;
				CLANG_WARN_COMMA = YES;
				CLANG_WARN_CONSTANT_CONVERSION = YES;
				CLANG_WARN_DEPRECATED_OBJC_IMPLEMENTATIONS = YES;
				CLANG_WARN_DIRECT_OBJC_ISA_USAGE = YES_ERROR;
				CLANG_WARN_DOCUMENTATION_COMMENTS = YES;
				CLANG_WARN_EMPTY_BODY = YES;
				CLANG_WARN_ENUM_CONVERSION = YES;
				CLANG_WARN_INFINITE_RECURSION = YES;
				CLANG_WARN_INT_CONVERSION = YES;
				CLANG_WARN_NON_LITERAL_NULL_CONVERSION = YES;
				CLANG_WARN_OBJC_IMPLICIT_RETAIN_SELF = YES;
				CLANG_WARN_OBJC_LITERAL_CONVERSION = YES;
				CLANG_WARN_OBJC_ROOT_CLASS = YES_ERROR;
				CLANG_WARN_QUOTED_INCLUDE_IN_FRAMEWORK_HEADER = YES;
				CLANG_WARN_RANGE_LOOP_ANALYSIS = YES;
				CLANG_WARN_STRICT_PROTOTYPES = YES;
				CLANG_WARN_SUSPICIOUS_MOVE = YES;
				CLANG_WARN_UNGUARDED_AVAILABILITY = YES_AGGRESSIVE;
				CLANG_WARN_UNREACHABLE_CODE = YES;
				CLANG_WARN__DUPLICATE_METHOD_MATCH = YES;
				COPY_PHASE_STRIP = NO;
				DEBUG_INFORMATION_FORMAT = dwarf;
				ENABLE_STRICT_OBJC_MSGSEND = YES;
				ENABLE_TESTABILITY = YES;
				GCC_C_LANGUAGE_STANDARD = gnu11;
				GCC_DYNAMIC_NO_PIC = NO;
				GCC_NO_COMMON_BLOCKS = YES;
				GCC_OPTIMIZATION_LEVEL = 0;
				GCC_PREPROCESSOR_DEFINITIONS = (
					"DEBUG=1",
					"$(inherited)",
				);
				GCC_WARN_64_TO_32_BIT_CONVERSION = YES;
				GCC_WARN_ABOUT_RETURN_TYPE = YES_ERROR;
				GCC_WARN_UNDECLARED_SELECTOR = YES;
				GCC_WARN_UNINITIALIZED_AUTOS = YES_AGGRESSIVE;
				GCC_WARN_UNUSED_FUNCTION = YES;
				GCC_WARN_UNUSED_VARIABLE = YES;
				IPHONEOS_DEPLOYMENT_TARGET = 14.4;
				MTL_ENABLE_DEBUG_INFO = INCLUDE_SOURCE;
				MTL_FAST_MATH = YES;
				ONLY_ACTIVE_ARCH = YES;
				SDKROOT = iphoneos;
				SWIFT_ACTIVE_COMPILATION_CONDITIONS = DEBUG;
				SWIFT_OPTIMIZATION_LEVEL = "-Onone";
			};
			name = Debug;
		};
		63C8724B266003C700B7347D /* Release */ = {
			isa = XCBuildConfiguration;
			buildSettings = {
				ALWAYS_SEARCH_USER_PATHS = NO;
				CLANG_ANALYZER_NONNULL = YES;
				CLANG_ANALYZER_NUMBER_OBJECT_CONVERSION = YES_AGGRESSIVE;
				CLANG_CXX_LANGUAGE_STANDARD = "gnu++14";
				CLANG_CXX_LIBRARY = "libc++";
				CLANG_ENABLE_MODULES = YES;
				CLANG_ENABLE_OBJC_ARC = YES;
				CLANG_ENABLE_OBJC_WEAK = YES;
				CLANG_WARN_BLOCK_CAPTURE_AUTORELEASING = YES;
				CLANG_WARN_BOOL_CONVERSION = YES;
				CLANG_WARN_COMMA = YES;
				CLANG_WARN_CONSTANT_CONVERSION = YES;
				CLANG_WARN_DEPRECATED_OBJC_IMPLEMENTATIONS = YES;
				CLANG_WARN_DIRECT_OBJC_ISA_USAGE = YES_ERROR;
				CLANG_WARN_DOCUMENTATION_COMMENTS = YES;
				CLANG_WARN_EMPTY_BODY = YES;
				CLANG_WARN_ENUM_CONVERSION = YES;
				CLANG_WARN_INFINITE_RECURSION = YES;
				CLANG_WARN_INT_CONVERSION = YES;
				CLANG_WARN_NON_LITERAL_NULL_CONVERSION = YES;
				CLANG_WARN_OBJC_IMPLICIT_RETAIN_SELF = YES;
				CLANG_WARN_OBJC_LITERAL_CONVERSION = YES;
				CLANG_WARN_OBJC_ROOT_CLASS = YES_ERROR;
				CLANG_WARN_QUOTED_INCLUDE_IN_FRAMEWORK_HEADER = YES;
				CLANG_WARN_RANGE_LOOP_ANALYSIS = YES;
				CLANG_WARN_STRICT_PROTOTYPES = YES;
				CLANG_WARN_SUSPICIOUS_MOVE = YES;
				CLANG_WARN_UNGUARDED_AVAILABILITY = YES_AGGRESSIVE;
				CLANG_WARN_UNREACHABLE_CODE = YES;
				CLANG_WARN__DUPLICATE_METHOD_MATCH = YES;
				COPY_PHASE_STRIP = NO;
				DEBUG_INFORMATION_FORMAT = "dwarf-with-dsym";
				ENABLE_NS_ASSERTIONS = NO;
				ENABLE_STRICT_OBJC_MSGSEND = YES;
				GCC_C_LANGUAGE_STANDARD = gnu11;
				GCC_NO_COMMON_BLOCKS = YES;
				GCC_WARN_64_TO_32_BIT_CONVERSION = YES;
				GCC_WARN_ABOUT_RETURN_TYPE = YES_ERROR;
				GCC_WARN_UNDECLARED_SELECTOR = YES;
				GCC_WARN_UNINITIALIZED_AUTOS = YES_AGGRESSIVE;
				GCC_WARN_UNUSED_FUNCTION = YES;
				GCC_WARN_UNUSED_VARIABLE = YES;
				IPHONEOS_DEPLOYMENT_TARGET = 14.4;
				MTL_ENABLE_DEBUG_INFO = NO;
				MTL_FAST_MATH = YES;
				SDKROOT = iphoneos;
				SWIFT_COMPILATION_MODE = wholemodule;
				SWIFT_OPTIMIZATION_LEVEL = "-O";
				VALIDATE_PRODUCT = YES;
			};
			name = Release;
		};
		63C8724D266003C700B7347D /* Debug */ = {
			isa = XCBuildConfiguration;
			buildSettings = {
				ALWAYS_EMBED_SWIFT_STANDARD_LIBRARIES = YES;
				ASSETCATALOG_COMPILER_APPICON_NAME = AppIcon;
				ASSETCATALOG_COMPILER_GLOBAL_ACCENT_COLOR_NAME = AccentColor;
				CODE_SIGN_STYLE = Automatic;
				DEVELOPMENT_ASSET_PATHS = "\"ExploringWIdgetKit/Preview Content\"";
				ENABLE_PREVIEWS = YES;
				INFOPLIST_FILE = ExploringWIdgetKit/Info.plist;
				IPHONEOS_DEPLOYMENT_TARGET = 14.0;
				LD_RUNPATH_SEARCH_PATHS = (
					"$(inherited)",
					"@executable_path/Frameworks",
				);
				PRODUCT_BUNDLE_IDENTIFIER = "Make-School.ExploringWIdgetKit";
				PRODUCT_NAME = "$(TARGET_NAME)";
				SWIFT_VERSION = 5.0;
				TARGETED_DEVICE_FAMILY = "1,2";
			};
			name = Debug;
		};
		63C8724E266003C700B7347D /* Release */ = {
			isa = XCBuildConfiguration;
			buildSettings = {
				ALWAYS_EMBED_SWIFT_STANDARD_LIBRARIES = YES;
				ASSETCATALOG_COMPILER_APPICON_NAME = AppIcon;
				ASSETCATALOG_COMPILER_GLOBAL_ACCENT_COLOR_NAME = AccentColor;
				CODE_SIGN_STYLE = Automatic;
				DEVELOPMENT_ASSET_PATHS = "\"ExploringWIdgetKit/Preview Content\"";
				ENABLE_PREVIEWS = YES;
				INFOPLIST_FILE = ExploringWIdgetKit/Info.plist;
				IPHONEOS_DEPLOYMENT_TARGET = 14.0;
				LD_RUNPATH_SEARCH_PATHS = (
					"$(inherited)",
					"@executable_path/Frameworks",
				);
				PRODUCT_BUNDLE_IDENTIFIER = "Make-School.ExploringWIdgetKit";
				PRODUCT_NAME = "$(TARGET_NAME)";
				SWIFT_VERSION = 5.0;
				TARGETED_DEVICE_FAMILY = "1,2";
			};
			name = Release;
		};
		63C872642660049C00B7347D /* Debug */ = {
			isa = XCBuildConfiguration;
			buildSettings = {
				ASSETCATALOG_COMPILER_GLOBAL_ACCENT_COLOR_NAME = AccentColor;
				ASSETCATALOG_COMPILER_WIDGET_BACKGROUND_COLOR_NAME = WidgetBackground;
				CODE_SIGN_STYLE = Automatic;
				INFOPLIST_FILE = SimpleWidget/Info.plist;
				LD_RUNPATH_SEARCH_PATHS = (
					"$(inherited)",
					"@executable_path/Frameworks",
					"@executable_path/../../Frameworks",
				);
				PRODUCT_BUNDLE_IDENTIFIER = "Make-School.ExploringWIdgetKit.SimpleWidget";
				PRODUCT_NAME = "$(TARGET_NAME)";
				SKIP_INSTALL = YES;
				SWIFT_VERSION = 5.0;
				TARGETED_DEVICE_FAMILY = "1,2";
			};
			name = Debug;
		};
		63C872652660049C00B7347D /* Release */ = {
			isa = XCBuildConfiguration;
			buildSettings = {
				ASSETCATALOG_COMPILER_GLOBAL_ACCENT_COLOR_NAME = AccentColor;
				ASSETCATALOG_COMPILER_WIDGET_BACKGROUND_COLOR_NAME = WidgetBackground;
				CODE_SIGN_STYLE = Automatic;
				INFOPLIST_FILE = SimpleWidget/Info.plist;
				LD_RUNPATH_SEARCH_PATHS = (
					"$(inherited)",
					"@executable_path/Frameworks",
					"@executable_path/../../Frameworks",
				);
				PRODUCT_BUNDLE_IDENTIFIER = "Make-School.ExploringWIdgetKit.SimpleWidget";
				PRODUCT_NAME = "$(TARGET_NAME)";
				SKIP_INSTALL = YES;
				SWIFT_VERSION = 5.0;
				TARGETED_DEVICE_FAMILY = "1,2";
			};
			name = Release;
		};
/* End XCBuildConfiguration section */

/* Begin XCConfigurationList section */
		63C87238266003C600B7347D /* Build configuration list for PBXProject "ExploringWIdgetKit" */ = {
			isa = XCConfigurationList;
			buildConfigurations = (
				63C8724A266003C700B7347D /* Debug */,
				63C8724B266003C700B7347D /* Release */,
			);
			defaultConfigurationIsVisible = 0;
			defaultConfigurationName = Release;
		};
		63C8724C266003C700B7347D /* Build configuration list for PBXNativeTarget "ExploringWIdgetKit" */ = {
			isa = XCConfigurationList;
			buildConfigurations = (
				63C8724D266003C700B7347D /* Debug */,
				63C8724E266003C700B7347D /* Release */,
			);
			defaultConfigurationIsVisible = 0;
			defaultConfigurationName = Release;
		};
		63C872632660049C00B7347D /* Build configuration list for PBXNativeTarget "SimpleWidgetExtension" */ = {
			isa = XCConfigurationList;
			buildConfigurations = (
				63C872642660049C00B7347D /* Debug */,
				63C872652660049C00B7347D /* Release */,
			);
			defaultConfigurationIsVisible = 0;
			defaultConfigurationName = Release;
		};
/* End XCConfigurationList section */
	};
	rootObject = 63C87235266003C600B7347D /* Project object */;
}
